
Microsoft Visual Studio Solution File, Format Version 12.00
# Visual Studio Version 16
VisualStudioVersion = 16.0.31424.327
MinimumVisualStudioVersion = 10.0.40219.1
Project("{FAE04EC0-301F-11D3-BF4B-00C04F79EFBC}") = "PublicCode", "PublicCode\PublicCode.csproj", "{60D75E39-5610-45F2-82BA-D9CF417973A7}"
EndProject
Project("{FAE04EC0-301F-11D3-BF4B-00C04F79EFBC}") = "PublicCommonControls", "PublicCommonControls\PublicCommonControls.csproj", "{0551A6E3-E9E3-45A6-A912-6ABF98206035}"
EndProject
Global
	GlobalSection(SolutionConfigurationPlatforms) = preSolution
		Debug|Any CPU = Debug|Any CPU
		Release|Any CPU = Release|Any CPU
	EndGlobalSection
	GlobalSection(ProjectConfigurationPlatforms) = postSolution
		{60D75E39-5610-45F2-82BA-D9CF417973A7}.Debug|Any CPU.ActiveCfg = Debug|Any CPU
		{60D75E39-5610-45F2-82BA-D9CF417973A7}.Debug|Any CPU.Build.0 = Debug|Any CPU
		{60D75E39-5610-45F2-82BA-D9CF417973A7}.Release|Any CPU.ActiveCfg = Release|Any CPU
		{60D75E39-5610-45F2-82BA-D9CF417973A7}.Release|Any CPU.Build.0 = Release|Any CPU
		{0551A6E3-E9E3-45A6-A912-6ABF98206035}.Debug|Any CPU.ActiveCfg = Debug|Any CPU
		{0551A6E3-E9E3-45A6-A912-6ABF98206035}.Debug|Any CPU.Build.0 = Debug|Any CPU
		{0551A6E3-E9E3-45A6-A912-6ABF98206035}.Release|Any CPU.ActiveCfg = Release|Any CPU
		{0551A6E3-E9E3-45A6-A912-6ABF98206035}.Release|Any CPU.Build.0 = Release|Any CPU
	EndGlobalSection
	GlobalSection(SolutionProperties) = preSolution
		HideSolutionNode = FALSE
	EndGlobalSection
	GlobalSection(ExtensibilityGlobals) = postSolution
		SolutionGuid = {B95658F3-384B-4882-BAFC-929FBFDBAC18}
	EndGlobalSection
EndGlobal
